
Microsoft Visual Studio Solution File, Format Version 12.00
# Visual Studio Version 16
VisualStudioVersion = 16.0.31515.178
MinimumVisualStudioVersion = 10.0.40219.1
Project("{9A19103F-16F7-4668-BE54-9A1E7A4F7556}") = "UI", "CaYoMi-BuJo\UI.csproj", "{FC0D86C2-8D1B-48D5-BACE-7950C8EED33C}"
EndProject
Project("{9A19103F-16F7-4668-BE54-9A1E7A4F7556}") = "ViewModel", "ViewModel\ViewModel.csproj", "{FDFF8970-88AE-48E8-885C-8EDDE552B37B}"
EndProject
Project("{9A19103F-16F7-4668-BE54-9A1E7A4F7556}") = "DataAccess", "DataAccess\DataAccess.csproj", "{76C298FE-30B4-4369-B0C4-3B1E6480C159}"
EndProject
Project("{9A19103F-16F7-4668-BE54-9A1E7A4F7556}") = "TestViewModel", "TestViewModel\TestViewModel.csproj", "{DF6F9D23-965B-41C8-A3B6-66CF21999A8D}"
EndProject
Project("{9A19103F-16F7-4668-BE54-9A1E7A4F7556}") = "TestDataAccess", "TestDataAccess\TestDataAccess.csproj", "{F4F2B648-CD1B-479E-A143-D402D2E2CB47}"
EndProject
Project("{2150E333-8FDC-42A3-9474-1A3956D46DE8}") = "Source", "Source", "{35EF6013-0DB2-43AD-AAB9-F2977A664E0E}"
EndProject
Project("{9A19103F-16F7-4668-BE54-9A1E7A4F7556}") = "DataModel", "DataModel\DataModel.csproj", "{48E322A6-BF6C-4361-9BAC-E4D7A9E51C9D}"
EndProject
Project("{2150E333-8FDC-42A3-9474-1A3956D46DE8}") = "Tests", "Tests", "{B0525462-AC5E-42AD-959A-C6A9626117C4}"
EndProject
Project("{9A19103F-16F7-4668-BE54-9A1E7A4F7556}") = "TestDataModel", "TestDataModel\TestDataModel.csproj", "{B8B3984D-FA6B-4157-848E-46462243141C}"
EndProject
Global
	GlobalSection(SolutionConfigurationPlatforms) = preSolution
		Debug|Any CPU = Debug|Any CPU
		Release|Any CPU = Release|Any CPU
	EndGlobalSection
	GlobalSection(ProjectConfigurationPlatforms) = postSolution
		{FC0D86C2-8D1B-48D5-BACE-7950C8EED33C}.Debug|Any CPU.ActiveCfg = Debug|Any CPU
		{FC0D86C2-8D1B-48D5-BACE-7950C8EED33C}.Debug|Any CPU.Build.0 = Debug|Any CPU
		{FC0D86C2-8D1B-48D5-BACE-7950C8EED33C}.Release|Any CPU.ActiveCfg = Release|Any CPU
		{FC0D86C2-8D1B-48D5-BACE-7950C8EED33C}.Release|Any CPU.Build.0 = Release|Any CPU
		{FDFF8970-88AE-48E8-885C-8EDDE552B37B}.Debug|Any CPU.ActiveCfg = Debug|Any CPU
		{FDFF8970-88AE-48E8-885C-8EDDE552B37B}.Debug|Any CPU.Build.0 = Debug|Any CPU
		{FDFF8970-88AE-48E8-885C-8EDDE552B37B}.Release|Any CPU.ActiveCfg = Release|Any CPU
		{FDFF8970-88AE-48E8-885C-8EDDE552B37B}.Release|Any CPU.Build.0 = Release|Any CPU
		{76C298FE-30B4-4369-B0C4-3B1E6480C159}.Debug|Any CPU.ActiveCfg = Debug|Any CPU
		{76C298FE-30B4-4369-B0C4-3B1E6480C159}.Debug|Any CPU.Build.0 = Debug|Any CPU
		{76C298FE-30B4-4369-B0C4-3B1E6480C159}.Release|Any CPU.ActiveCfg = Release|Any CPU
		{76C298FE-30B4-4369-B0C4-3B1E6480C159}.Release|Any CPU.Build.0 = Release|Any CPU
		{DF6F9D23-965B-41C8-A3B6-66CF21999A8D}.Debug|Any CPU.ActiveCfg = Debug|Any CPU
		{DF6F9D23-965B-41C8-A3B6-66CF21999A8D}.Debug|Any CPU.Build.0 = Debug|Any CPU
		{DF6F9D23-965B-41C8-A3B6-66CF21999A8D}.Release|Any CPU.ActiveCfg = Release|Any CPU
		{DF6F9D23-965B-41C8-A3B6-66CF21999A8D}.Release|Any CPU.Build.0 = Release|Any CPU
		{F4F2B648-CD1B-479E-A143-D402D2E2CB47}.Debug|Any CPU.ActiveCfg = Debug|Any CPU
		{F4F2B648-CD1B-479E-A143-D402D2E2CB47}.Debug|Any CPU.Build.0 = Debug|Any CPU
		{F4F2B648-CD1B-479E-A143-D402D2E2CB47}.Release|Any CPU.ActiveCfg = Release|Any CPU
		{F4F2B648-CD1B-479E-A143-D402D2E2CB47}.Release|Any CPU.Build.0 = Release|Any CPU
		{48E322A6-BF6C-4361-9BAC-E4D7A9E51C9D}.Debug|Any CPU.ActiveCfg = Debug|Any CPU
		{48E322A6-BF6C-4361-9BAC-E4D7A9E51C9D}.Debug|Any CPU.Build.0 = Debug|Any CPU
		{48E322A6-BF6C-4361-9BAC-E4D7A9E51C9D}.Release|Any CPU.ActiveCfg = Release|Any CPU
		{48E322A6-BF6C-4361-9BAC-E4D7A9E51C9D}.Release|Any CPU.Build.0 = Release|Any CPU
		{B8B3984D-FA6B-4157-848E-46462243141C}.Debug|Any CPU.ActiveCfg = Debug|Any CPU
		{B8B3984D-FA6B-4157-848E-46462243141C}.Debug|Any CPU.Build.0 = Debug|Any CPU
		{B8B3984D-FA6B-4157-848E-46462243141C}.Release|Any CPU.ActiveCfg = Release|Any CPU
		{B8B3984D-FA6B-4157-848E-46462243141C}.Release|Any CPU.Build.0 = Release|Any CPU
	EndGlobalSection
	GlobalSection(SolutionProperties) = preSolution
		HideSolutionNode = FALSE
	EndGlobalSection
	GlobalSection(NestedProjects) = preSolution
		{FC0D86C2-8D1B-48D5-BACE-7950C8EED33C} = {35EF6013-0DB2-43AD-AAB9-F2977A664E0E}
		{FDFF8970-88AE-48E8-885C-8EDDE552B37B} = {35EF6013-0DB2-43AD-AAB9-F2977A664E0E}
		{76C298FE-30B4-4369-B0C4-3B1E6480C159} = {35EF6013-0DB2-43AD-AAB9-F2977A664E0E}
		{DF6F9D23-965B-41C8-A3B6-66CF21999A8D} = {B0525462-AC5E-42AD-959A-C6A9626117C4}
		{F4F2B648-CD1B-479E-A143-D402D2E2CB47} = {B0525462-AC5E-42AD-959A-C6A9626117C4}
		{48E322A6-BF6C-4361-9BAC-E4D7A9E51C9D} = {35EF6013-0DB2-43AD-AAB9-F2977A664E0E}
		{B8B3984D-FA6B-4157-848E-46462243141C} = {B0525462-AC5E-42AD-959A-C6A9626117C4}
	EndGlobalSection
	GlobalSection(ExtensibilityGlobals) = postSolution
		SolutionGuid = {4F18B2A5-DD15-4BA8-AA34-86549A79AD27}
	EndGlobalSection
EndGlobal
